
Microsoft Visual Studio Solution File, Format Version 12.00
# Visual Studio Version 17
VisualStudioVersion = 17.9.34616.47
MinimumVisualStudioVersion = 10.0.40219.1
Project("{FAE04EC0-301F-11D3-BF4B-00C04F79EFBC}") = "TP_Modul_3", "TP_Modul_3\TP_Modul_3.csproj", "{BF265B4A-2B2A-4EE6-8AD9-471466EECCFB}"
EndProject
Global
	GlobalSection(SolutionConfigurationPlatforms) = preSolution
		Debug|Any CPU = Debug|Any CPU
		Release|Any CPU = Release|Any CPU
	EndGlobalSection
	GlobalSection(ProjectConfigurationPlatforms) = postSolution
		{BF265B4A-2B2A-4EE6-8AD9-471466EECCFB}.Debug|Any CPU.ActiveCfg = Debug|Any CPU
		{BF265B4A-2B2A-4EE6-8AD9-471466EECCFB}.Debug|Any CPU.Build.0 = Debug|Any CPU
		{BF265B4A-2B2A-4EE6-8AD9-471466EECCFB}.Release|Any CPU.ActiveCfg = Release|Any CPU
		{BF265B4A-2B2A-4EE6-8AD9-471466EECCFB}.Release|Any CPU.Build.0 = Release|Any CPU
	EndGlobalSection
	GlobalSection(SolutionProperties) = preSolution
		HideSolutionNode = FALSE
	EndGlobalSection
	GlobalSection(ExtensibilityGlobals) = postSolution
		SolutionGuid = {60EB1D0E-E6C9-498A-B588-E24CFBC824F6}
	EndGlobalSection
EndGlobal
